
Microsoft Visual Studio Solution File, Format Version 12.00
# Visual Studio Version 17
VisualStudioVersion = 17.13.35828.75 d17.13
MinimumVisualStudioVersion = 10.0.40219.1
Project("{FAE04EC0-301F-11D3-BF4B-00C04F79EFBC}") = "FlightBookingSystem", "FlightBookingSystem.csproj", "{D1133260-85DE-400F-9852-0D52DF2ECA62}"
EndProject
Global
	GlobalSection(SolutionConfigurationPlatforms) = preSolution
		Debug|Any CPU = Debug|Any CPU
		Release|Any CPU = Release|Any CPU
	EndGlobalSection
	GlobalSection(ProjectConfigurationPlatforms) = postSolution
		{D1133260-85DE-400F-9852-0D52DF2ECA62}.Debug|Any CPU.ActiveCfg = Debug|Any CPU
		{D1133260-85DE-400F-9852-0D52DF2ECA62}.Debug|Any CPU.Build.0 = Debug|Any CPU
		{D1133260-85DE-400F-9852-0D52DF2ECA62}.Release|Any CPU.ActiveCfg = Release|Any CPU
		{D1133260-85DE-400F-9852-0D52DF2ECA62}.Release|Any CPU.Build.0 = Release|Any CPU
	EndGlobalSection
	GlobalSection(SolutionProperties) = preSolution
		HideSolutionNode = FALSE
	EndGlobalSection
	GlobalSection(ExtensibilityGlobals) = postSolution
		SolutionGuid = {1B9FC124-AD33-498A-8096-7BF6F31D98E5}
	EndGlobalSection
EndGlobal
